
Microsoft Visual Studio Solution File, Format Version 12.00
# Visual Studio Version 16
VisualStudioVersion = 25.0.1703.8
MinimumVisualStudioVersion = 10.0.40219.1
Project("{FAE04EC0-301F-11D3-BF4B-00C04F79EFBC}") = "cakefinal2snl", "cakefinal2snl\cakefinal2snl.csproj", "{7ED432B2-AA0E-4CD1-BA9C-52EE740F2334}"
EndProject
Global
	GlobalSection(SolutionConfigurationPlatforms) = preSolution
		Debug|Any CPU = Debug|Any CPU
		Release|Any CPU = Release|Any CPU
	EndGlobalSection
	GlobalSection(ProjectConfigurationPlatforms) = postSolution
		{7ED432B2-AA0E-4CD1-BA9C-52EE740F2334}.Debug|Any CPU.ActiveCfg = Debug|Any CPU
		{7ED432B2-AA0E-4CD1-BA9C-52EE740F2334}.Debug|Any CPU.Build.0 = Debug|Any CPU
		{7ED432B2-AA0E-4CD1-BA9C-52EE740F2334}.Release|Any CPU.ActiveCfg = Release|Any CPU
		{7ED432B2-AA0E-4CD1-BA9C-52EE740F2334}.Release|Any CPU.Build.0 = Release|Any CPU
	EndGlobalSection
	GlobalSection(SolutionProperties) = preSolution
		HideSolutionNode = FALSE
	EndGlobalSection
	GlobalSection(ExtensibilityGlobals) = postSolution
		SolutionGuid = {82874031-CAC2-454A-93C8-63BF9C602016}
	EndGlobalSection
EndGlobal
